// !$*UTF8*$!
{
	archiveVersion = 1;
	classes = {
	};
	objectVersion = 56;
	objects = {

/* Begin PBXBuildFile section */
		A53023932B69328A00DC383A /* MovieDetailView.swift in Sources */ = {isa = PBXBuildFile; fileRef = A53023922B69328A00DC383A /* MovieDetailView.swift */; };
		A53023952B693E4600DC383A /* MovieDetailViewModel.swift in Sources */ = {isa = PBXBuildFile; fileRef = A53023942B693E4600DC383A /* MovieDetailViewModel.swift */; };
		A53023972B69414300DC383A /* MovieDetail.swift in Sources */ = {isa = PBXBuildFile; fileRef = A53023962B69414300DC383A /* MovieDetail.swift */; };
		A530239A2B69545B00DC383A /* FavoritesCoordinator.swift in Sources */ = {isa = PBXBuildFile; fileRef = A53023992B69545B00DC383A /* FavoritesCoordinator.swift */; };
		A530239C2B6954A200DC383A /* FavoriteViewController.swift in Sources */ = {isa = PBXBuildFile; fileRef = A530239B2B6954A200DC383A /* FavoriteViewController.swift */; };
		A530239F2B69568100DC383A /* PersistantController.swift in Sources */ = {isa = PBXBuildFile; fileRef = A530239E2B69568100DC383A /* PersistantController.swift */; };
		A53023A22B6956AE00DC383A /* Favorites.xcdatamodeld in Sources */ = {isa = PBXBuildFile; fileRef = A53023A02B6956AE00DC383A /* Favorites.xcdatamodeld */; };
		A53023A42B6958E200DC383A /* FavoriteMovie+helpers.swift in Sources */ = {isa = PBXBuildFile; fileRef = A53023A32B6958E200DC383A /* FavoriteMovie+helpers.swift */; };
		A53023A62B69B86B00DC383A /* API.plist in Resources */ = {isa = PBXBuildFile; fileRef = A53023A52B69B86B00DC383A /* API.plist */; };
		A53023A82B69B8B800DC383A /* ApiKeys.swift in Sources */ = {isa = PBXBuildFile; fileRef = A53023A72B69B8B800DC383A /* ApiKeys.swift */; };
		A53023AB2B6A17F700DC383A /* FavoriteMovieDetails.swift in Sources */ = {isa = PBXBuildFile; fileRef = A53023AA2B6A17F700DC383A /* FavoriteMovieDetails.swift */; };
		A53023AE2B6AC91D00DC383A /* MovieFetcher.swift in Sources */ = {isa = PBXBuildFile; fileRef = A53023AD2B6AC91D00DC383A /* MovieFetcher.swift */; };
		A5D7DE012B67B37700B39D32 /* AppDelegate.swift in Sources */ = {isa = PBXBuildFile; fileRef = A5D7DE002B67B37700B39D32 /* AppDelegate.swift */; };
		A5D7DE032B67B37700B39D32 /* SceneDelegate.swift in Sources */ = {isa = PBXBuildFile; fileRef = A5D7DE022B67B37700B39D32 /* SceneDelegate.swift */; };
		A5D7DE052B67B37700B39D32 /* ViewController.swift in Sources */ = {isa = PBXBuildFile; fileRef = A5D7DE042B67B37700B39D32 /* ViewController.swift */; };
		A5D7DE0A2B67B37800B39D32 /* Assets.xcassets in Resources */ = {isa = PBXBuildFile; fileRef = A5D7DE092B67B37800B39D32 /* Assets.xcassets */; };
		A5D7DE152B67B45600B39D32 /* ApplicationCoordinator.swift in Sources */ = {isa = PBXBuildFile; fileRef = A5D7DE142B67B45600B39D32 /* ApplicationCoordinator.swift */; };
		A5D7DE182B67B49600B39D32 /* Coordinator.swift in Sources */ = {isa = PBXBuildFile; fileRef = A5D7DE172B67B49600B39D32 /* Coordinator.swift */; };
		A5D7DE1B2B67B57B00B39D32 /* MainCoordinator.swift in Sources */ = {isa = PBXBuildFile; fileRef = A5D7DE1A2B67B57B00B39D32 /* MainCoordinator.swift */; };
		A5D7DE1F2B67BBA100B39D32 /* MovieListCoordinator.swift in Sources */ = {isa = PBXBuildFile; fileRef = A5D7DE1E2B67BBA100B39D32 /* MovieListCoordinator.swift */; };
		A5D7DE222B67BBF800B39D32 /* MovieListViewController.swift in Sources */ = {isa = PBXBuildFile; fileRef = A5D7DE202B67BBF800B39D32 /* MovieListViewController.swift */; };
		A5D7DE232B67BBF800B39D32 /* MovieListViewController.xib in Resources */ = {isa = PBXBuildFile; fileRef = A5D7DE212B67BBF800B39D32 /* MovieListViewController.xib */; };
		A5D7DE252B68101F00B39D32 /* MovieResponse.swift in Sources */ = {isa = PBXBuildFile; fileRef = A5D7DE242B68101F00B39D32 /* MovieResponse.swift */; };
		A5D7DE282B68106000B39D32 /* URLSession+helpers.swift in Sources */ = {isa = PBXBuildFile; fileRef = A5D7DE272B68106000B39D32 /* URLSession+helpers.swift */; };
		A5D7DE2A2B6811BE00B39D32 /* URL+helpers.swift in Sources */ = {isa = PBXBuildFile; fileRef = A5D7DE292B6811BE00B39D32 /* URL+helpers.swift */; };
/* End PBXBuildFile section */

/* Begin PBXFileReference section */
		A53023922B69328A00DC383A /* MovieDetailView.swift */ = {isa = PBXFileReference; lastKnownFileType = sourcecode.swift; path = MovieDetailView.swift; sourceTree = "<group>"; };
		A53023942B693E4600DC383A /* MovieDetailViewModel.swift */ = {isa = PBXFileReference; lastKnownFileType = sourcecode.swift; path = MovieDetailViewModel.swift; sourceTree = "<group>"; };
		A53023962B69414300DC383A /* MovieDetail.swift */ = {isa = PBXFileReference; lastKnownFileType = sourcecode.swift; path = MovieDetail.swift; sourceTree = "<group>"; };
		A53023992B69545B00DC383A /* FavoritesCoordinator.swift */ = {isa = PBXFileReference; lastKnownFileType = sourcecode.swift; path = FavoritesCoordinator.swift; sourceTree = "<group>"; };
		A530239B2B6954A200DC383A /* FavoriteViewController.swift */ = {isa = PBXFileReference; lastKnownFileType = sourcecode.swift; path = FavoriteViewController.swift; sourceTree = "<group>"; };
		A530239E2B69568100DC383A /* PersistantController.swift */ = {isa = PBXFileReference; lastKnownFileType = sourcecode.swift; path = PersistantController.swift; sourceTree = "<group>"; };
		A53023A12B6956AE00DC383A /* Favorites.xcdatamodel */ = {isa = PBXFileReference; lastKnownFileType = wrapper.xcdatamodel; path = Favorites.xcdatamodel; sourceTree = "<group>"; };
		A53023A32B6958E200DC383A /* FavoriteMovie+helpers.swift */ = {isa = PBXFileReference; lastKnownFileType = sourcecode.swift; path = "FavoriteMovie+helpers.swift"; sourceTree = "<group>"; };
		A53023A52B69B86B00DC383A /* API.plist */ = {isa = PBXFileReference; lastKnownFileType = text.plist.xml; path = API.plist; sourceTree = "<group>"; };
		A53023A72B69B8B800DC383A /* ApiKeys.swift */ = {isa = PBXFileReference; lastKnownFileType = sourcecode.swift; path = ApiKeys.swift; sourceTree = "<group>"; };
		A53023AA2B6A17F700DC383A /* FavoriteMovieDetails.swift */ = {isa = PBXFileReference; lastKnownFileType = sourcecode.swift; path = FavoriteMovieDetails.swift; sourceTree = "<group>"; };
		A53023AD2B6AC91D00DC383A /* MovieFetcher.swift */ = {isa = PBXFileReference; lastKnownFileType = sourcecode.swift; path = MovieFetcher.swift; sourceTree = "<group>"; };
		A5D7DDFD2B67B37700B39D32 /* Nitrix.app */ = {isa = PBXFileReference; explicitFileType = wrapper.application; includeInIndex = 0; path = Nitrix.app; sourceTree = BUILT_PRODUCTS_DIR; };
		A5D7DE002B67B37700B39D32 /* AppDelegate.swift */ = {isa = PBXFileReference; lastKnownFileType = sourcecode.swift; path = AppDelegate.swift; sourceTree = "<group>"; };
		A5D7DE022B67B37700B39D32 /* SceneDelegate.swift */ = {isa = PBXFileReference; lastKnownFileType = sourcecode.swift; path = SceneDelegate.swift; sourceTree = "<group>"; };
		A5D7DE042B67B37700B39D32 /* ViewController.swift */ = {isa = PBXFileReference; lastKnownFileType = sourcecode.swift; path = ViewController.swift; sourceTree = "<group>"; };
		A5D7DE092B67B37800B39D32 /* Assets.xcassets */ = {isa = PBXFileReference; lastKnownFileType = folder.assetcatalog; path = Assets.xcassets; sourceTree = "<group>"; };
		A5D7DE0E2B67B37800B39D32 /* Info.plist */ = {isa = PBXFileReference; lastKnownFileType = text.plist.xml; path = Info.plist; sourceTree = "<group>"; };
		A5D7DE142B67B45600B39D32 /* ApplicationCoordinator.swift */ = {isa = PBXFileReference; lastKnownFileType = sourcecode.swift; path = ApplicationCoordinator.swift; sourceTree = "<group>"; };
		A5D7DE172B67B49600B39D32 /* Coordinator.swift */ = {isa = PBXFileReference; lastKnownFileType = sourcecode.swift; path = Coordinator.swift; sourceTree = "<group>"; };
		A5D7DE1A2B67B57B00B39D32 /* MainCoordinator.swift */ = {isa = PBXFileReference; lastKnownFileType = sourcecode.swift; path = MainCoordinator.swift; sourceTree = "<group>"; };
		A5D7DE1E2B67BBA100B39D32 /* MovieListCoordinator.swift */ = {isa = PBXFileReference; lastKnownFileType = sourcecode.swift; path = MovieListCoordinator.swift; sourceTree = "<group>"; };
		A5D7DE202B67BBF800B39D32 /* MovieListViewController.swift */ = {isa = PBXFileReference; lastKnownFileType = sourcecode.swift; path = MovieListViewController.swift; sourceTree = "<group>"; };
		A5D7DE212B67BBF800B39D32 /* MovieListViewController.xib */ = {isa = PBXFileReference; lastKnownFileType = file.xib; path = MovieListViewController.xib; sourceTree = "<group>"; };
		A5D7DE242B68101F00B39D32 /* MovieResponse.swift */ = {isa = PBXFileReference; lastKnownFileType = sourcecode.swift; path = MovieResponse.swift; sourceTree = "<group>"; };
		A5D7DE272B68106000B39D32 /* URLSession+helpers.swift */ = {isa = PBXFileReference; lastKnownFileType = sourcecode.swift; path = "URLSession+helpers.swift"; sourceTree = "<group>"; };
		A5D7DE292B6811BE00B39D32 /* URL+helpers.swift */ = {isa = PBXFileReference; lastKnownFileType = sourcecode.swift; path = "URL+helpers.swift"; sourceTree = "<group>"; };
/* End PBXFileReference section */

/* Begin PBXFrameworksBuildPhase section */
		A5D7DDFA2B67B37700B39D32 /* Frameworks */ = {
			isa = PBXFrameworksBuildPhase;
			buildActionMask = 2147483647;
			files = (
			);
			runOnlyForDeploymentPostprocessing = 0;
		};
/* End PBXFrameworksBuildPhase section */

/* Begin PBXGroup section */
		A530238F2B69312F00DC383A /* MovieDetail */ = {
			isa = PBXGroup;
			children = (
				A53023922B69328A00DC383A /* MovieDetailView.swift */,
				A53023942B693E4600DC383A /* MovieDetailViewModel.swift */,
				A53023962B69414300DC383A /* MovieDetail.swift */,
			);
			path = MovieDetail;
			sourceTree = "<group>";
		};
		A530239D2B69565000DC383A /* CoreData */ = {
			isa = PBXGroup;
			children = (
				A530239E2B69568100DC383A /* PersistantController.swift */,
				A53023A32B6958E200DC383A /* FavoriteMovie+helpers.swift */,
				A53023A02B6956AE00DC383A /* Favorites.xcdatamodeld */,
			);
			path = CoreData;
			sourceTree = "<group>";
		};
		A53023A92B6A17CF00DC383A /* FavoriteMovieDetail */ = {
			isa = PBXGroup;
			children = (
				A53023AA2B6A17F700DC383A /* FavoriteMovieDetails.swift */,
			);
			path = FavoriteMovieDetail;
			sourceTree = "<group>";
		};
		A5D7DDF42B67B37700B39D32 = {
			isa = PBXGroup;
			children = (
				A5D7DDFF2B67B37700B39D32 /* Nitrix */,
				A5D7DDFE2B67B37700B39D32 /* Products */,
			);
			sourceTree = "<group>";
		};
		A5D7DDFE2B67B37700B39D32 /* Products */ = {
			isa = PBXGroup;
			children = (
				A5D7DDFD2B67B37700B39D32 /* Nitrix.app */,
			);
			name = Products;
			sourceTree = "<group>";
		};
		A5D7DDFF2B67B37700B39D32 /* Nitrix */ = {
			isa = PBXGroup;
			children = (
				A530239D2B69565000DC383A /* CoreData */,
				A5D7DE262B68104600B39D32 /* Extensions */,
				A5D7DE1C2B67BB7800B39D32 /* MoviesList */,
				A5D7DE1D2B67BB8000B39D32 /* Favorites */,
				A5D7DE192B67B52700B39D32 /* Main */,
				A5D7DE162B67B48900B39D32 /* Protocol */,
				A5D7DE002B67B37700B39D32 /* AppDelegate.swift */,
				A5D7DE142B67B45600B39D32 /* ApplicationCoordinator.swift */,
				A5D7DE022B67B37700B39D32 /* SceneDelegate.swift */,
				A5D7DE042B67B37700B39D32 /* ViewController.swift */,
				A53023A72B69B8B800DC383A /* ApiKeys.swift */,
				A5D7DE092B67B37800B39D32 /* Assets.xcassets */,
				A5D7DE0E2B67B37800B39D32 /* Info.plist */,
				A53023A52B69B86B00DC383A /* API.plist */,
			);
			path = Nitrix;
			sourceTree = "<group>";
		};
		A5D7DE162B67B48900B39D32 /* Protocol */ = {
			isa = PBXGroup;
			children = (
				A5D7DE172B67B49600B39D32 /* Coordinator.swift */,
			);
			path = Protocol;
			sourceTree = "<group>";
		};
		A5D7DE192B67B52700B39D32 /* Main */ = {
			isa = PBXGroup;
			children = (
				A5D7DE1A2B67B57B00B39D32 /* MainCoordinator.swift */,
			);
			path = Main;
			sourceTree = "<group>";
		};
		A5D7DE1C2B67BB7800B39D32 /* MoviesList */ = {
			isa = PBXGroup;
			children = (
				A5D7DE242B68101F00B39D32 /* MovieResponse.swift */,
				A5D7DE1E2B67BBA100B39D32 /* MovieListCoordinator.swift */,
				A5D7DE202B67BBF800B39D32 /* MovieListViewController.swift */,
				A53023AD2B6AC91D00DC383A /* MovieFetcher.swift */,
				A5D7DE212B67BBF800B39D32 /* MovieListViewController.xib */,
				A530238F2B69312F00DC383A /* MovieDetail */,
			);
			path = MoviesList;
			sourceTree = "<group>";
		};
		A5D7DE1D2B67BB8000B39D32 /* Favorites */ = {
			isa = PBXGroup;
			children = (
				A53023992B69545B00DC383A /* FavoritesCoordinator.swift */,
				A530239B2B6954A200DC383A /* FavoriteViewController.swift */,
				A53023A92B6A17CF00DC383A /* FavoriteMovieDetail */,
			);
			path = Favorites;
			sourceTree = "<group>";
		};
		A5D7DE262B68104600B39D32 /* Extensions */ = {
			isa = PBXGroup;
			children = (
				A5D7DE272B68106000B39D32 /* URLSession+helpers.swift */,
				A5D7DE292B6811BE00B39D32 /* URL+helpers.swift */,
			);
			path = Extensions;
			sourceTree = "<group>";
		};
/* End PBXGroup section */

/* Begin PBXNativeTarget section */
		A5D7DDFC2B67B37700B39D32 /* Nitrix */ = {
			isa = PBXNativeTarget;
			buildConfigurationList = A5D7DE112B67B37800B39D32 /* Build configuration list for PBXNativeTarget "Nitrix" */;
			buildPhases = (
				A5D7DDF92B67B37700B39D32 /* Sources */,
				A5D7DDFA2B67B37700B39D32 /* Frameworks */,
				A5D7DDFB2B67B37700B39D32 /* Resources */,
			);
			buildRules = (
			);
			dependencies = (
			);
			name = Nitrix;
			productName = Nitrix;
			productReference = A5D7DDFD2B67B37700B39D32 /* Nitrix.app */;
			productType = "com.apple.product-type.application";
		};
/* End PBXNativeTarget section */

/* Begin PBXProject section */
		A5D7DDF52B67B37700B39D32 /* Project object */ = {
			isa = PBXProject;
			attributes = {
				BuildIndependentTargetsInParallel = 1;
				LastSwiftUpdateCheck = 1520;
				LastUpgradeCheck = 1520;
				TargetAttributes = {
					A5D7DDFC2B67B37700B39D32 = {
						CreatedOnToolsVersion = 15.2;
					};
				};
			};
			buildConfigurationList = A5D7DDF82B67B37700B39D32 /* Build configuration list for PBXProject "Nitrix" */;
			compatibilityVersion = "Xcode 14.0";
			developmentRegion = en;
			hasScannedForEncodings = 0;
			knownRegions = (
				en,
				Base,
			);
			mainGroup = A5D7DDF42B67B37700B39D32;
			productRefGroup = A5D7DDFE2B67B37700B39D32 /* Products */;
			projectDirPath = "";
			projectRoot = "";
			targets = (
				A5D7DDFC2B67B37700B39D32 /* Nitrix */,
			);
		};
/* End PBXProject section */

/* Begin PBXResourcesBuildPhase section */
		A5D7DDFB2B67B37700B39D32 /* Resources */ = {
			isa = PBXResourcesBuildPhase;
			buildActionMask = 2147483647;
			files = (
				A5D7DE0A2B67B37800B39D32 /* Assets.xcassets in Resources */,
				A53023A62B69B86B00DC383A /* API.plist in Resources */,
				A5D7DE232B67BBF800B39D32 /* MovieListViewController.xib in Resources */,
			);
			runOnlyForDeploymentPostprocessing = 0;
		};
/* End PBXResourcesBuildPhase section */

/* Begin PBXSourcesBuildPhase section */
		A5D7DDF92B67B37700B39D32 /* Sources */ = {
			isa = PBXSourcesBuildPhase;
			buildActionMask = 2147483647;
			files = (
				A5D7DE052B67B37700B39D32 /* ViewController.swift in Sources */,
				A53023972B69414300DC383A /* MovieDetail.swift in Sources */,
				A5D7DE1B2B67B57B00B39D32 /* MainCoordinator.swift in Sources */,
				A5D7DE1F2B67BBA100B39D32 /* MovieListCoordinator.swift in Sources */,
				A530239A2B69545B00DC383A /* FavoritesCoordinator.swift in Sources */,
				A5D7DE222B67BBF800B39D32 /* MovieListViewController.swift in Sources */,
				A53023AE2B6AC91D00DC383A /* MovieFetcher.swift in Sources */,
				A530239C2B6954A200DC383A /* FavoriteViewController.swift in Sources */,
				A5D7DE012B67B37700B39D32 /* AppDelegate.swift in Sources */,
				A53023952B693E4600DC383A /* MovieDetailViewModel.swift in Sources */,
				A53023A22B6956AE00DC383A /* Favorites.xcdatamodeld in Sources */,
				A5D7DE182B67B49600B39D32 /* Coordinator.swift in Sources */,
				A530239F2B69568100DC383A /* PersistantController.swift in Sources */,
				A53023932B69328A00DC383A /* MovieDetailView.swift in Sources */,
				A5D7DE252B68101F00B39D32 /* MovieResponse.swift in Sources */,
				A53023A82B69B8B800DC383A /* ApiKeys.swift in Sources */,
				A53023AB2B6A17F700DC383A /* FavoriteMovieDetails.swift in Sources */,
				A5D7DE032B67B37700B39D32 /* SceneDelegate.swift in Sources */,
				A5D7DE282B68106000B39D32 /* URLSession+helpers.swift in Sources */,
				A53023A42B6958E200DC383A /* FavoriteMovie+helpers.swift in Sources */,
				A5D7DE152B67B45600B39D32 /* ApplicationCoordinator.swift in Sources */,
				A5D7DE2A2B6811BE00B39D32 /* URL+helpers.swift in Sources */,
			);
			runOnlyForDeploymentPostprocessing = 0;
		};
/* End PBXSourcesBuildPhase section */

/* Begin XCBuildConfiguration section */
		A5D7DE0F2B67B37800B39D32 /* Debug */ = {
			isa = XCBuildConfiguration;
			buildSettings = {
				ALWAYS_SEARCH_USER_PATHS = NO;
				ASSETCATALOG_COMPILER_GENERATE_SWIFT_ASSET_SYMBOL_EXTENSIONS = YES;
				CLANG_ANALYZER_NONNULL = YES;
				CLANG_ANALYZER_NUMBER_OBJECT_CONVERSION = YES_AGGRESSIVE;
				CLANG_CXX_LANGUAGE_STANDARD = "gnu++20";
				CLANG_ENABLE_MODULES = YES;
				CLANG_ENABLE_OBJC_ARC = YES;
				CLANG_ENABLE_OBJC_WEAK = YES;
				CLANG_WARN_BLOCK_CAPTURE_AUTORELEASING = YES;
				CLANG_WARN_BOOL_CONVERSION = YES;
				CLANG_WARN_COMMA = YES;
				CLANG_WARN_CONSTANT_CONVERSION = YES;
				CLANG_WARN_DEPRECATED_OBJC_IMPLEMENTATIONS = YES;
				CLANG_WARN_DIRECT_OBJC_ISA_USAGE = YES_ERROR;
				CLANG_WARN_DOCUMENTATION_COMMENTS = YES;
				CLANG_WARN_EMPTY_BODY = YES;
				CLANG_WARN_ENUM_CONVERSION = YES;
				CLANG_WARN_INFINITE_RECURSION = YES;
				CLANG_WARN_INT_CONVERSION = YES;
				CLANG_WARN_NON_LITERAL_NULL_CONVERSION = YES;
				CLANG_WARN_OBJC_IMPLICIT_RETAIN_SELF = YES;
				CLANG_WARN_OBJC_LITERAL_CONVERSION = YES;
				CLANG_WARN_OBJC_ROOT_CLASS = YES_ERROR;
				CLANG_WARN_QUOTED_INCLUDE_IN_FRAMEWORK_HEADER = YES;
				CLANG_WARN_RANGE_LOOP_ANALYSIS = YES;
				CLANG_WARN_STRICT_PROTOTYPES = YES;
				CLANG_WARN_SUSPICIOUS_MOVE = YES;
				CLANG_WARN_UNGUARDED_AVAILABILITY = YES_AGGRESSIVE;
				CLANG_WARN_UNREACHABLE_CODE = YES;
				CLANG_WARN__DUPLICATE_METHOD_MATCH = YES;
				COPY_PHASE_STRIP = NO;
				DEBUG_INFORMATION_FORMAT = dwarf;
				ENABLE_STRICT_OBJC_MSGSEND = YES;
				ENABLE_TESTABILITY = YES;
				ENABLE_USER_SCRIPT_SANDBOXING = YES;
				GCC_C_LANGUAGE_STANDARD = gnu17;
				GCC_DYNAMIC_NO_PIC = NO;
				GCC_NO_COMMON_BLOCKS = YES;
				GCC_OPTIMIZATION_LEVEL = 0;
				GCC_PREPROCESSOR_DEFINITIONS = (
					"DEBUG=1",
					"$(inherited)",
				);
				GCC_WARN_64_TO_32_BIT_CONVERSION = YES;
				GCC_WARN_ABOUT_RETURN_TYPE = YES_ERROR;
				GCC_WARN_UNDECLARED_SELECTOR = YES;
				GCC_WARN_UNINITIALIZED_AUTOS = YES_AGGRESSIVE;
				GCC_WARN_UNUSED_FUNCTION = YES;
				GCC_WARN_UNUSED_VARIABLE = YES;
				IPHONEOS_DEPLOYMENT_TARGET = 17.2;
				LOCALIZATION_PREFERS_STRING_CATALOGS = YES;
				MTL_ENABLE_DEBUG_INFO = INCLUDE_SOURCE;
				MTL_FAST_MATH = YES;
				ONLY_ACTIVE_ARCH = YES;
				SDKROOT = iphoneos;
				SWIFT_ACTIVE_COMPILATION_CONDITIONS = "DEBUG $(inherited)";
				SWIFT_OPTIMIZATION_LEVEL = "-Onone";
			};
			name = Debug;
		};
		A5D7DE102B67B37800B39D32 /* Release */ = {
			isa = XCBuildConfiguration;
			buildSettings = {
				ALWAYS_SEARCH_USER_PATHS = NO;
				ASSETCATALOG_COMPILER_GENERATE_SWIFT_ASSET_SYMBOL_EXTENSIONS = YES;
				CLANG_ANALYZER_NONNULL = YES;
				CLANG_ANALYZER_NUMBER_OBJECT_CONVERSION = YES_AGGRESSIVE;
				CLANG_CXX_LANGUAGE_STANDARD = "gnu++20";
				CLANG_ENABLE_MODULES = YES;
				CLANG_ENABLE_OBJC_ARC = YES;
				CLANG_ENABLE_OBJC_WEAK = YES;
				CLANG_WARN_BLOCK_CAPTURE_AUTORELEASING = YES;
				CLANG_WARN_BOOL_CONVERSION = YES;
				CLANG_WARN_COMMA = YES;
				CLANG_WARN_CONSTANT_CONVERSION = YES;
				CLANG_WARN_DEPRECATED_OBJC_IMPLEMENTATIONS = YES;
				CLANG_WARN_DIRECT_OBJC_ISA_USAGE = YES_ERROR;
				CLANG_WARN_DOCUMENTATION_COMMENTS = YES;
				CLANG_WARN_EMPTY_BODY = YES;
				CLANG_WARN_ENUM_CONVERSION = YES;
				CLANG_WARN_INFINITE_RECURSION = YES;
				CLANG_WARN_INT_CONVERSION = YES;
				CLANG_WARN_NON_LITERAL_NULL_CONVERSION = YES;
				CLANG_WARN_OBJC_IMPLICIT_RETAIN_SELF = YES;
				CLANG_WARN_OBJC_LITERAL_CONVERSION = YES;
				CLANG_WARN_OBJC_ROOT_CLASS = YES_ERROR;
				CLANG_WARN_QUOTED_INCLUDE_IN_FRAMEWORK_HEADER = YES;
				CLANG_WARN_RANGE_LOOP_ANALYSIS = YES;
				CLANG_WARN_STRICT_PROTOTYPES = YES;
				CLANG_WARN_SUSPICIOUS_MOVE = YES;
				CLANG_WARN_UNGUARDED_AVAILABILITY = YES_AGGRESSIVE;
				CLANG_WARN_UNREACHABLE_CODE = YES;
				CLANG_WARN__DUPLICATE_METHOD_MATCH = YES;
				COPY_PHASE_STRIP = NO;
				DEBUG_INFORMATION_FORMAT = "dwarf-with-dsym";
				ENABLE_NS_ASSERTIONS = NO;
				ENABLE_STRICT_OBJC_MSGSEND = YES;
				ENABLE_USER_SCRIPT_SANDBOXING = YES;
				GCC_C_LANGUAGE_STANDARD = gnu17;
				GCC_NO_COMMON_BLOCKS = YES;
				GCC_WARN_64_TO_32_BIT_CONVERSION = YES;
				GCC_WARN_ABOUT_RETURN_TYPE = YES_ERROR;
				GCC_WARN_UNDECLARED_SELECTOR = YES;
				GCC_WARN_UNINITIALIZED_AUTOS = YES_AGGRESSIVE;
				GCC_WARN_UNUSED_FUNCTION = YES;
				GCC_WARN_UNUSED_VARIABLE = YES;
				IPHONEOS_DEPLOYMENT_TARGET = 17.2;
				LOCALIZATION_PREFERS_STRING_CATALOGS = YES;
				MTL_ENABLE_DEBUG_INFO = NO;
				MTL_FAST_MATH = YES;
				SDKROOT = iphoneos;
				SWIFT_COMPILATION_MODE = wholemodule;
				VALIDATE_PRODUCT = YES;
			};
			name = Release;
		};
		A5D7DE122B67B37800B39D32 /* Debug */ = {
			isa = XCBuildConfiguration;
			buildSettings = {
				ASSETCATALOG_COMPILER_APPICON_NAME = AppIcon;
				ASSETCATALOG_COMPILER_GLOBAL_ACCENT_COLOR_NAME = AccentColor;
				CODE_SIGN_STYLE = Automatic;
				CURRENT_PROJECT_VERSION = 1;
				DEVELOPMENT_TEAM = 6L8S4BY4WJ;
				GENERATE_INFOPLIST_FILE = YES;
				INFOPLIST_FILE = Nitrix/Info.plist;
				INFOPLIST_KEY_UIApplicationSupportsIndirectInputEvents = YES;
				INFOPLIST_KEY_UILaunchStoryboardName = LaunchScreen;
				INFOPLIST_KEY_UISupportedInterfaceOrientations_iPad = "UIInterfaceOrientationPortrait UIInterfaceOrientationPortraitUpsideDown UIInterfaceOrientationLandscapeLeft UIInterfaceOrientationLandscapeRight";
				INFOPLIST_KEY_UISupportedInterfaceOrientations_iPhone = "UIInterfaceOrientationPortrait UIInterfaceOrientationLandscapeLeft UIInterfaceOrientationLandscapeRight";
				IPHONEOS_DEPLOYMENT_TARGET = 16.0;
				LD_RUNPATH_SEARCH_PATHS = (
					"$(inherited)",
					"@executable_path/Frameworks",
				);
				MARKETING_VERSION = 1.0;
				PRODUCT_BUNDLE_IDENTIFIER = misha.vrana.personal.Nitrix;
				PRODUCT_NAME = "$(TARGET_NAME)";
				SWIFT_EMIT_LOC_STRINGS = YES;
				SWIFT_VERSION = 5.0;
				TARGETED_DEVICE_FAMILY = "1,2";
			};
			name = Debug;
		};
		A5D7DE132B67B37800B39D32 /* Release */ = {
			isa = XCBuildConfiguration;
			buildSettings = {
				ASSETCATALOG_COMPILER_APPICON_NAME = AppIcon;
				ASSETCATALOG_COMPILER_GLOBAL_ACCENT_COLOR_NAME = AccentColor;
				CODE_SIGN_STYLE = Automatic;
				CURRENT_PROJECT_VERSION = 1;
				DEVELOPMENT_TEAM = 6L8S4BY4WJ;
				GENERATE_INFOPLIST_FILE = YES;
				INFOPLIST_FILE = Nitrix/Info.plist;
				INFOPLIST_KEY_UIApplicationSupportsIndirectInputEvents = YES;
				INFOPLIST_KEY_UILaunchStoryboardName = LaunchScreen;
				INFOPLIST_KEY_UISupportedInterfaceOrientations_iPad = "UIInterfaceOrientationPortrait UIInterfaceOrientationPortraitUpsideDown UIInterfaceOrientationLandscapeLeft UIInterfaceOrientationLandscapeRight";
				INFOPLIST_KEY_UISupportedInterfaceOrientations_iPhone = "UIInterfaceOrientationPortrait UIInterfaceOrientationLandscapeLeft UIInterfaceOrientationLandscapeRight";
				IPHONEOS_DEPLOYMENT_TARGET = 16.0;
				LD_RUNPATH_SEARCH_PATHS = (
					"$(inherited)",
					"@executable_path/Frameworks",
				);
				MARKETING_VERSION = 1.0;
				PRODUCT_BUNDLE_IDENTIFIER = misha.vrana.personal.Nitrix;
				PRODUCT_NAME = "$(TARGET_NAME)";
				SWIFT_EMIT_LOC_STRINGS = YES;
				SWIFT_VERSION = 5.0;
				TARGETED_DEVICE_FAMILY = "1,2";
			};
			name = Release;
		};
/* End XCBuildConfiguration section */

/* Begin XCConfigurationList section */
		A5D7DDF82B67B37700B39D32 /* Build configuration list for PBXProject "Nitrix" */ = {
			isa = XCConfigurationList;
			buildConfigurations = (
				A5D7DE0F2B67B37800B39D32 /* Debug */,
				A5D7DE102B67B37800B39D32 /* Release */,
			);
			defaultConfigurationIsVisible = 0;
			defaultConfigurationName = Release;
		};
		A5D7DE112B67B37800B39D32 /* Build configuration list for PBXNativeTarget "Nitrix" */ = {
			isa = XCConfigurationList;
			buildConfigurations = (
				A5D7DE122B67B37800B39D32 /* Debug */,
				A5D7DE132B67B37800B39D32 /* Release */,
			);
			defaultConfigurationIsVisible = 0;
			defaultConfigurationName = Release;
		};
/* End XCConfigurationList section */

/* Begin XCVersionGroup section */
		A53023A02B6956AE00DC383A /* Favorites.xcdatamodeld */ = {
			isa = XCVersionGroup;
			children = (
				A53023A12B6956AE00DC383A /* Favorites.xcdatamodel */,
			);
			currentVersion = A53023A12B6956AE00DC383A /* Favorites.xcdatamodel */;
			path = Favorites.xcdatamodeld;
			sourceTree = "<group>";
			versionGroupType = wrapper.xcdatamodel;
		};
/* End XCVersionGroup section */
	};
	rootObject = A5D7DDF52B67B37700B39D32 /* Project object */;
}
